
Microsoft Visual Studio Solution File, Format Version 12.00
# Visual Studio 15
VisualStudioVersion = 15.0.27703.2018
MinimumVisualStudioVersion = 10.0.40219.1
Project("{2150E333-8FDC-42A3-9474-1A3956D46DE8}") = "Samples", "Samples", "{6B44001E-5EAC-4056-91B3-2850C8025CF6}"
EndProject
Project("{9A19103F-16F7-4668-BE54-9A1E7A4F7556}") = "SampleApplication", "SampleApplication\SampleApplication.csproj", "{36D16E1E-F168-4AC1-8CD8-0375523959F9}"
EndProject
Project("{FAE04EC0-301F-11D3-BF4B-00C04F79EFBC}") = "DbUp.Downgrade", "DbUp.Downgrade\DbUp.Downgrade.csproj", "{0A080D31-7042-4A57-B5AF-967686D9CF77}"
EndProject
Global
	GlobalSection(SolutionConfigurationPlatforms) = preSolution
		Debug|Any CPU = Debug|Any CPU
		Release|Any CPU = Release|Any CPU
	EndGlobalSection
	GlobalSection(ProjectConfigurationPlatforms) = postSolution
		{36D16E1E-F168-4AC1-8CD8-0375523959F9}.Debug|Any CPU.ActiveCfg = Debug|Any CPU
		{36D16E1E-F168-4AC1-8CD8-0375523959F9}.Debug|Any CPU.Build.0 = Debug|Any CPU
		{36D16E1E-F168-4AC1-8CD8-0375523959F9}.Release|Any CPU.ActiveCfg = Release|Any CPU
		{36D16E1E-F168-4AC1-8CD8-0375523959F9}.Release|Any CPU.Build.0 = Release|Any CPU
		{0A080D31-7042-4A57-B5AF-967686D9CF77}.Debug|Any CPU.ActiveCfg = Debug|Any CPU
		{0A080D31-7042-4A57-B5AF-967686D9CF77}.Debug|Any CPU.Build.0 = Debug|Any CPU
		{0A080D31-7042-4A57-B5AF-967686D9CF77}.Release|Any CPU.ActiveCfg = Release|Any CPU
		{0A080D31-7042-4A57-B5AF-967686D9CF77}.Release|Any CPU.Build.0 = Release|Any CPU
	EndGlobalSection
	GlobalSection(SolutionProperties) = preSolution
		HideSolutionNode = FALSE
	EndGlobalSection
	GlobalSection(NestedProjects) = preSolution
		{36D16E1E-F168-4AC1-8CD8-0375523959F9} = {6B44001E-5EAC-4056-91B3-2850C8025CF6}
	EndGlobalSection
	GlobalSection(ExtensibilityGlobals) = postSolution
		SolutionGuid = {F95642FC-5885-42BF-82E8-645299F4F346}
	EndGlobalSection
EndGlobal
